// !$*UTF8*$!
{
	archiveVersion = 1;
	classes = {
	};
	objectVersion = 56;
	objects = {

/* Begin PBXBuildFile section */
		220DE22328FBDA5500BE92F8 /* AppDelegate.swift in Sources */ = {isa = PBXBuildFile; fileRef = 220DE22228FBDA5500BE92F8 /* AppDelegate.swift */; };
		220DE22528FBDA5500BE92F8 /* SceneDelegate.swift in Sources */ = {isa = PBXBuildFile; fileRef = 220DE22428FBDA5500BE92F8 /* SceneDelegate.swift */; };
		220DE22728FBDA5500BE92F8 /* ViewController.swift in Sources */ = {isa = PBXBuildFile; fileRef = 220DE22628FBDA5500BE92F8 /* ViewController.swift */; };
		220DE22A28FBDA5500BE92F8 /* Main.storyboard in Resources */ = {isa = PBXBuildFile; fileRef = 220DE22828FBDA5500BE92F8 /* Main.storyboard */; };
		220DE22C28FBDA5600BE92F8 /* Assets.xcassets in Resources */ = {isa = PBXBuildFile; fileRef = 220DE22B28FBDA5600BE92F8 /* Assets.xcassets */; };
		220DE22F28FBDA5600BE92F8 /* LaunchScreen.storyboard in Resources */ = {isa = PBXBuildFile; fileRef = 220DE22D28FBDA5600BE92F8 /* LaunchScreen.storyboard */; };
		220DE23A28FBDA5600BE92F8 /* FirstDemoTests.swift in Sources */ = {isa = PBXBuildFile; fileRef = 220DE23928FBDA5600BE92F8 /* FirstDemoTests.swift */; };
		220DE24428FBDA5700BE92F8 /* FirstDemoUITests.swift in Sources */ = {isa = PBXBuildFile; fileRef = 220DE24328FBDA5700BE92F8 /* FirstDemoUITests.swift */; };
		220DE24628FBDA5700BE92F8 /* FirstDemoUITestsLaunchTests.swift in Sources */ = {isa = PBXBuildFile; fileRef = 220DE24528FBDA5700BE92F8 /* FirstDemoUITestsLaunchTests.swift */; };
/* End PBXBuildFile section */

/* Begin PBXContainerItemProxy section */
		220DE23628FBDA5600BE92F8 /* PBXContainerItemProxy */ = {
			isa = PBXContainerItemProxy;
			containerPortal = 220DE21728FBDA5500BE92F8 /* Project object */;
			proxyType = 1;
			remoteGlobalIDString = 220DE21E28FBDA5500BE92F8;
			remoteInfo = FirstDemo;
		};
		220DE24028FBDA5700BE92F8 /* PBXContainerItemProxy */ = {
			isa = PBXContainerItemProxy;
			containerPortal = 220DE21728FBDA5500BE92F8 /* Project object */;
			proxyType = 1;
			remoteGlobalIDString = 220DE21E28FBDA5500BE92F8;
			remoteInfo = FirstDemo;
		};
/* End PBXContainerItemProxy section */

/* Begin PBXFileReference section */
		220DE21F28FBDA5500BE92F8 /* FirstDemo.app */ = {isa = PBXFileReference; explicitFileType = wrapper.application; includeInIndex = 0; path = FirstDemo.app; sourceTree = BUILT_PRODUCTS_DIR; };
		220DE22228FBDA5500BE92F8 /* AppDelegate.swift */ = {isa = PBXFileReference; lastKnownFileType = sourcecode.swift; path = AppDelegate.swift; sourceTree = "<group>"; };
		220DE22428FBDA5500BE92F8 /* SceneDelegate.swift */ = {isa = PBXFileReference; lastKnownFileType = sourcecode.swift; path = SceneDelegate.swift; sourceTree = "<group>"; };
		220DE22628FBDA5500BE92F8 /* ViewController.swift */ = {isa = PBXFileReference; lastKnownFileType = sourcecode.swift; path = ViewController.swift; sourceTree = "<group>"; };
		220DE22928FBDA5500BE92F8 /* Base */ = {isa = PBXFileReference; lastKnownFileType = file.storyboard; name = Base; path = Base.lproj/Main.storyboard; sourceTree = "<group>"; };
		220DE22B28FBDA5600BE92F8 /* Assets.xcassets */ = {isa = PBXFileReference; lastKnownFileType = folder.assetcatalog; path = Assets.xcassets; sourceTree = "<group>"; };
		220DE22E28FBDA5600BE92F8 /* Base */ = {isa = PBXFileReference; lastKnownFileType = file.storyboard; name = Base; path = Base.lproj/LaunchScreen.storyboard; sourceTree = "<group>"; };
		220DE23028FBDA5600BE92F8 /* Info.plist */ = {isa = PBXFileReference; lastKnownFileType = text.plist.xml; path = Info.plist; sourceTree = "<group>"; };
		220DE23528FBDA5600BE92F8 /* FirstDemoTests.xctest */ = {isa = PBXFileReference; explicitFileType = wrapper.cfbundle; includeInIndex = 0; path = FirstDemoTests.xctest; sourceTree = BUILT_PRODUCTS_DIR; };
		220DE23928FBDA5600BE92F8 /* FirstDemoTests.swift */ = {isa = PBXFileReference; lastKnownFileType = sourcecode.swift; path = FirstDemoTests.swift; sourceTree = "<group>"; };
		220DE23F28FBDA5700BE92F8 /* FirstDemoUITests.xctest */ = {isa = PBXFileReference; explicitFileType = wrapper.cfbundle; includeInIndex = 0; path = FirstDemoUITests.xctest; sourceTree = BUILT_PRODUCTS_DIR; };
		220DE24328FBDA5700BE92F8 /* FirstDemoUITests.swift */ = {isa = PBXFileReference; lastKnownFileType = sourcecode.swift; path = FirstDemoUITests.swift; sourceTree = "<group>"; };
		220DE24528FBDA5700BE92F8 /* FirstDemoUITestsLaunchTests.swift */ = {isa = PBXFileReference; lastKnownFileType = sourcecode.swift; path = FirstDemoUITestsLaunchTests.swift; sourceTree = "<group>"; };
/* End PBXFileReference section */

/* Begin PBXFrameworksBuildPhase section */
		220DE21C28FBDA5500BE92F8 /* Frameworks */ = {
			isa = PBXFrameworksBuildPhase;
			buildActionMask = 2147483647;
			files = (
			);
			runOnlyForDeploymentPostprocessing = 0;
		};
		220DE23228FBDA5600BE92F8 /* Frameworks */ = {
			isa = PBXFrameworksBuildPhase;
			buildActionMask = 2147483647;
			files = (
			);
			runOnlyForDeploymentPostprocessing = 0;
		};
		220DE23C28FBDA5700BE92F8 /* Frameworks */ = {
			isa = PBXFrameworksBuildPhase;
			buildActionMask = 2147483647;
			files = (
			);
			runOnlyForDeploymentPostprocessing = 0;
		};
/* End PBXFrameworksBuildPhase section */

/* Begin PBXGroup section */
		220DE21628FBDA5500BE92F8 = {
			isa = PBXGroup;
			children = (
				220DE22128FBDA5500BE92F8 /* FirstDemo */,
				220DE23828FBDA5600BE92F8 /* FirstDemoTests */,
				220DE24228FBDA5700BE92F8 /* FirstDemoUITests */,
				220DE22028FBDA5500BE92F8 /* Products */,
			);
			sourceTree = "<group>";
		};
		220DE22028FBDA5500BE92F8 /* Products */ = {
			isa = PBXGroup;
			children = (
				220DE21F28FBDA5500BE92F8 /* FirstDemo.app */,
				220DE23528FBDA5600BE92F8 /* FirstDemoTests.xctest */,
				220DE23F28FBDA5700BE92F8 /* FirstDemoUITests.xctest */,
			);
			name = Products;
			sourceTree = "<group>";
		};
		220DE22128FBDA5500BE92F8 /* FirstDemo */ = {
			isa = PBXGroup;
			children = (
				220DE22228FBDA5500BE92F8 /* AppDelegate.swift */,
				220DE22428FBDA5500BE92F8 /* SceneDelegate.swift */,
				220DE22628FBDA5500BE92F8 /* ViewController.swift */,
				220DE22828FBDA5500BE92F8 /* Main.storyboard */,
				220DE22B28FBDA5600BE92F8 /* Assets.xcassets */,
				220DE22D28FBDA5600BE92F8 /* LaunchScreen.storyboard */,
				220DE23028FBDA5600BE92F8 /* Info.plist */,
			);
			path = FirstDemo;
			sourceTree = "<group>";
		};
		220DE23828FBDA5600BE92F8 /* FirstDemoTests */ = {
			isa = PBXGroup;
			children = (
				220DE23928FBDA5600BE92F8 /* FirstDemoTests.swift */,
			);
			path = FirstDemoTests;
			sourceTree = "<group>";
		};
		220DE24228FBDA5700BE92F8 /* FirstDemoUITests */ = {
			isa = PBXGroup;
			children = (
				220DE24328FBDA5700BE92F8 /* FirstDemoUITests.swift */,
				220DE24528FBDA5700BE92F8 /* FirstDemoUITestsLaunchTests.swift */,
			);
			path = FirstDemoUITests;
			sourceTree = "<group>";
		};
/* End PBXGroup section */

/* Begin PBXNativeTarget section */
		220DE21E28FBDA5500BE92F8 /* FirstDemo */ = {
			isa = PBXNativeTarget;
			buildConfigurationList = 220DE24928FBDA5700BE92F8 /* Build configuration list for PBXNativeTarget "FirstDemo" */;
			buildPhases = (
				220DE21B28FBDA5500BE92F8 /* Sources */,
				220DE21C28FBDA5500BE92F8 /* Frameworks */,
				220DE21D28FBDA5500BE92F8 /* Resources */,
			);
			buildRules = (
			);
			dependencies = (
			);
			name = FirstDemo;
			productName = FirstDemo;
			productReference = 220DE21F28FBDA5500BE92F8 /* FirstDemo.app */;
			productType = "com.apple.product-type.application";
		};
		220DE23428FBDA5600BE92F8 /* FirstDemoTests */ = {
			isa = PBXNativeTarget;
			buildConfigurationList = 220DE24C28FBDA5700BE92F8 /* Build configuration list for PBXNativeTarget "FirstDemoTests" */;
			buildPhases = (
				220DE23128FBDA5600BE92F8 /* Sources */,
				220DE23228FBDA5600BE92F8 /* Frameworks */,
				220DE23328FBDA5600BE92F8 /* Resources */,
			);
			buildRules = (
			);
			dependencies = (
				220DE23728FBDA5600BE92F8 /* PBXTargetDependency */,
			);
			name = FirstDemoTests;
			productName = FirstDemoTests;
			productReference = 220DE23528FBDA5600BE92F8 /* FirstDemoTests.xctest */;
			productType = "com.apple.product-type.bundle.unit-test";
		};
		220DE23E28FBDA5700BE92F8 /* FirstDemoUITests */ = {
			isa = PBXNativeTarget;
			buildConfigurationList = 220DE24F28FBDA5700BE92F8 /* Build configuration list for PBXNativeTarget "FirstDemoUITests" */;
			buildPhases = (
				220DE23B28FBDA5700BE92F8 /* Sources */,
				220DE23C28FBDA5700BE92F8 /* Frameworks */,
				220DE23D28FBDA5700BE92F8 /* Resources */,
			);
			buildRules = (
			);
			dependencies = (
				220DE24128FBDA5700BE92F8 /* PBXTargetDependency */,
			);
			name = FirstDemoUITests;
			productName = FirstDemoUITests;
			productReference = 220DE23F28FBDA5700BE92F8 /* FirstDemoUITests.xctest */;
			productType = "com.apple.product-type.bundle.ui-testing";
		};
/* End PBXNativeTarget section */

/* Begin PBXProject section */
		220DE21728FBDA5500BE92F8 /* Project object */ = {
			isa = PBXProject;
			attributes = {
				BuildIndependentTargetsInParallel = 1;
				LastSwiftUpdateCheck = 1400;
				LastUpgradeCheck = 1400;
				TargetAttributes = {
					220DE21E28FBDA5500BE92F8 = {
						CreatedOnToolsVersion = 14.0.1;
					};
					220DE23428FBDA5600BE92F8 = {
						CreatedOnToolsVersion = 14.0.1;
						TestTargetID = 220DE21E28FBDA5500BE92F8;
					};
					220DE23E28FBDA5700BE92F8 = {
						CreatedOnToolsVersion = 14.0.1;
						TestTargetID = 220DE21E28FBDA5500BE92F8;
					};
				};
			};
			buildConfigurationList = 220DE21A28FBDA5500BE92F8 /* Build configuration list for PBXProject "FirstDemo" */;
			compatibilityVersion = "Xcode 14.0";
			developmentRegion = en;
			hasScannedForEncodings = 0;
			knownRegions = (
				en,
				Base,
			);
			mainGroup = 220DE21628FBDA5500BE92F8;
			productRefGroup = 220DE22028FBDA5500BE92F8 /* Products */;
			projectDirPath = "";
			projectRoot = "";
			targets = (
				220DE21E28FBDA5500BE92F8 /* FirstDemo */,
				220DE23428FBDA5600BE92F8 /* FirstDemoTests */,
				220DE23E28FBDA5700BE92F8 /* FirstDemoUITests */,
			);
		};
/* End PBXProject section */

/* Begin PBXResourcesBuildPhase section */
		220DE21D28FBDA5500BE92F8 /* Resources */ = {
			isa = PBXResourcesBuildPhase;
			buildActionMask = 2147483647;
			files = (
				220DE22F28FBDA5600BE92F8 /* LaunchScreen.storyboard in Resources */,
				220DE22C28FBDA5600BE92F8 /* Assets.xcassets in Resources */,
				220DE22A28FBDA5500BE92F8 /* Main.storyboard in Resources */,
			);
			runOnlyForDeploymentPostprocessing = 0;
		};
		220DE23328FBDA5600BE92F8 /* Resources */ = {
			isa = PBXResourcesBuildPhase;
			buildActionMask = 2147483647;
			files = (
			);
			runOnlyForDeploymentPostprocessing = 0;
		};
		220DE23D28FBDA5700BE92F8 /* Resources */ = {
			isa = PBXResourcesBuildPhase;
			buildActionMask = 2147483647;
			files = (
			);
			runOnlyForDeploymentPostprocessing = 0;
		};
/* End PBXResourcesBuildPhase section */

/* Begin PBXSourcesBuildPhase section */
		220DE21B28FBDA5500BE92F8 /* Sources */ = {
			isa = PBXSourcesBuildPhase;
			buildActionMask = 2147483647;
			files = (
				220DE22728FBDA5500BE92F8 /* ViewController.swift in Sources */,
				220DE22328FBDA5500BE92F8 /* AppDelegate.swift in Sources */,
				220DE22528FBDA5500BE92F8 /* SceneDelegate.swift in Sources */,
			);
			runOnlyForDeploymentPostprocessing = 0;
		};
		220DE23128FBDA5600BE92F8 /* Sources */ = {
			isa = PBXSourcesBuildPhase;
			buildActionMask = 2147483647;
			files = (
				220DE23A28FBDA5600BE92F8 /* FirstDemoTests.swift in Sources */,
			);
			runOnlyForDeploymentPostprocessing = 0;
		};
		220DE23B28FBDA5700BE92F8 /* Sources */ = {
			isa = PBXSourcesBuildPhase;
			buildActionMask = 2147483647;
			files = (
				220DE24628FBDA5700BE92F8 /* FirstDemoUITestsLaunchTests.swift in Sources */,
				220DE24428FBDA5700BE92F8 /* FirstDemoUITests.swift in Sources */,
			);
			runOnlyForDeploymentPostprocessing = 0;
		};
/* End PBXSourcesBuildPhase section */

/* Begin PBXTargetDependency section */
		220DE23728FBDA5600BE92F8 /* PBXTargetDependency */ = {
			isa = PBXTargetDependency;
			target = 220DE21E28FBDA5500BE92F8 /* FirstDemo */;
			targetProxy = 220DE23628FBDA5600BE92F8 /* PBXContainerItemProxy */;
		};
		220DE24128FBDA5700BE92F8 /* PBXTargetDependency */ = {
			isa = PBXTargetDependency;
			target = 220DE21E28FBDA5500BE92F8 /* FirstDemo */;
			targetProxy = 220DE24028FBDA5700BE92F8 /* PBXContainerItemProxy */;
		};
/* End PBXTargetDependency section */

/* Begin PBXVariantGroup section */
		220DE22828FBDA5500BE92F8 /* Main.storyboard */ = {
			isa = PBXVariantGroup;
			children = (
				220DE22928FBDA5500BE92F8 /* Base */,
			);
			name = Main.storyboard;
			sourceTree = "<group>";
		};
		220DE22D28FBDA5600BE92F8 /* LaunchScreen.storyboard */ = {
			isa = PBXVariantGroup;
			children = (
				220DE22E28FBDA5600BE92F8 /* Base */,
			);
			name = LaunchScreen.storyboard;
			sourceTree = "<group>";
		};
/* End PBXVariantGroup section */

/* Begin XCBuildConfiguration section */
		220DE24728FBDA5700BE92F8 /* Debug */ = {
			isa = XCBuildConfiguration;
			buildSettings = {
				ALWAYS_SEARCH_USER_PATHS = NO;
				CLANG_ANALYZER_NONNULL = YES;
				CLANG_ANALYZER_NUMBER_OBJECT_CONVERSION = YES_AGGRESSIVE;
				CLANG_CXX_LANGUAGE_STANDARD = "gnu++20";
				CLANG_ENABLE_MODULES = YES;
				CLANG_ENABLE_OBJC_ARC = YES;
				CLANG_ENABLE_OBJC_WEAK = YES;
				CLANG_WARN_BLOCK_CAPTURE_AUTORELEASING = YES;
				CLANG_WARN_BOOL_CONVERSION = YES;
				CLANG_WARN_COMMA = YES;
				CLANG_WARN_CONSTANT_CONVERSION = YES;
				CLANG_WARN_DEPRECATED_OBJC_IMPLEMENTATIONS = YES;
				CLANG_WARN_DIRECT_OBJC_ISA_USAGE = YES_ERROR;
				CLANG_WARN_DOCUMENTATION_COMMENTS = YES;
				CLANG_WARN_EMPTY_BODY = YES;
				CLANG_WARN_ENUM_CONVERSION = YES;
				CLANG_WARN_INFINITE_RECURSION = YES;
				CLANG_WARN_INT_CONVERSION = YES;
				CLANG_WARN_NON_LITERAL_NULL_CONVERSION = YES;
				CLANG_WARN_OBJC_IMPLICIT_RETAIN_SELF = YES;
				CLANG_WARN_OBJC_LITERAL_CONVERSION = YES;
				CLANG_WARN_OBJC_ROOT_CLASS = YES_ERROR;
				CLANG_WARN_QUOTED_INCLUDE_IN_FRAMEWORK_HEADER = YES;
				CLANG_WARN_RANGE_LOOP_ANALYSIS = YES;
				CLANG_WARN_STRICT_PROTOTYPES = YES;
				CLANG_WARN_SUSPICIOUS_MOVE = YES;
				CLANG_WARN_UNGUARDED_AVAILABILITY = YES_AGGRESSIVE;
				CLANG_WARN_UNREACHABLE_CODE = YES;
				CLANG_WARN__DUPLICATE_METHOD_MATCH = YES;
				COPY_PHASE_STRIP = NO;
				DEBUG_INFORMATION_FORMAT = dwarf;
				ENABLE_STRICT_OBJC_MSGSEND = YES;
				ENABLE_TESTABILITY = YES;
				GCC_C_LANGUAGE_STANDARD = gnu11;
				GCC_DYNAMIC_NO_PIC = NO;
				GCC_NO_COMMON_BLOCKS = YES;
				GCC_OPTIMIZATION_LEVEL = 0;
				GCC_PREPROCESSOR_DEFINITIONS = (
					"DEBUG=1",
					"$(inherited)",
				);
				GCC_WARN_64_TO_32_BIT_CONVERSION = YES;
				GCC_WARN_ABOUT_RETURN_TYPE = YES_ERROR;
				GCC_WARN_UNDECLARED_SELECTOR = YES;
				GCC_WARN_UNINITIALIZED_AUTOS = YES_AGGRESSIVE;
				GCC_WARN_UNUSED_FUNCTION = YES;
				GCC_WARN_UNUSED_VARIABLE = YES;
				IPHONEOS_DEPLOYMENT_TARGET = 16.0;
				MTL_ENABLE_DEBUG_INFO = INCLUDE_SOURCE;
				MTL_FAST_MATH = YES;
				ONLY_ACTIVE_ARCH = YES;
				SDKROOT = iphoneos;
				SWIFT_ACTIVE_COMPILATION_CONDITIONS = DEBUG;
				SWIFT_OPTIMIZATION_LEVEL = "-Onone";
			};
			name = Debug;
		};
		220DE24828FBDA5700BE92F8 /* Release */ = {
			isa = XCBuildConfiguration;
			buildSettings = {
				ALWAYS_SEARCH_USER_PATHS = NO;
				CLANG_ANALYZER_NONNULL = YES;
				CLANG_ANALYZER_NUMBER_OBJECT_CONVERSION = YES_AGGRESSIVE;
				CLANG_CXX_LANGUAGE_STANDARD = "gnu++20";
				CLANG_ENABLE_MODULES = YES;
				CLANG_ENABLE_OBJC_ARC = YES;
				CLANG_ENABLE_OBJC_WEAK = YES;
				CLANG_WARN_BLOCK_CAPTURE_AUTORELEASING = YES;
				CLANG_WARN_BOOL_CONVERSION = YES;
				CLANG_WARN_COMMA = YES;
				CLANG_WARN_CONSTANT_CONVERSION = YES;
				CLANG_WARN_DEPRECATED_OBJC_IMPLEMENTATIONS = YES;
				CLANG_WARN_DIRECT_OBJC_ISA_USAGE = YES_ERROR;
				CLANG_WARN_DOCUMENTATION_COMMENTS = YES;
				CLANG_WARN_EMPTY_BODY = YES;
				CLANG_WARN_ENUM_CONVERSION = YES;
				CLANG_WARN_INFINITE_RECURSION = YES;
				CLANG_WARN_INT_CONVERSION = YES;
				CLANG_WARN_NON_LITERAL_NULL_CONVERSION = YES;
				CLANG_WARN_OBJC_IMPLICIT_RETAIN_SELF = YES;
				CLANG_WARN_OBJC_LITERAL_CONVERSION = YES;
				CLANG_WARN_OBJC_ROOT_CLASS = YES_ERROR;
				CLANG_WARN_QUOTED_INCLUDE_IN_FRAMEWORK_HEADER = YES;
				CLANG_WARN_RANGE_LOOP_ANALYSIS = YES;
				CLANG_WARN_STRICT_PROTOTYPES = YES;
				CLANG_WARN_SUSPICIOUS_MOVE = YES;
				CLANG_WARN_UNGUARDED_AVAILABILITY = YES_AGGRESSIVE;
				CLANG_WARN_UNREACHABLE_CODE = YES;
				CLANG_WARN__DUPLICATE_METHOD_MATCH = YES;
				COPY_PHASE_STRIP = NO;
				DEBUG_INFORMATION_FORMAT = "dwarf-with-dsym";
				ENABLE_NS_ASSERTIONS = NO;
				ENABLE_STRICT_OBJC_MSGSEND = YES;
				GCC_C_LANGUAGE_STANDARD = gnu11;
				GCC_NO_COMMON_BLOCKS = YES;
				GCC_WARN_64_TO_32_BIT_CONVERSION = YES;
				GCC_WARN_ABOUT_RETURN_TYPE = YES_ERROR;
				GCC_WARN_UNDECLARED_SELECTOR = YES;
				GCC_WARN_UNINITIALIZED_AUTOS = YES_AGGRESSIVE;
				GCC_WARN_UNUSED_FUNCTION = YES;
				GCC_WARN_UNUSED_VARIABLE = YES;
				IPHONEOS_DEPLOYMENT_TARGET = 16.0;
				MTL_ENABLE_DEBUG_INFO = NO;
				MTL_FAST_MATH = YES;
				SDKROOT = iphoneos;
				SWIFT_COMPILATION_MODE = wholemodule;
				SWIFT_OPTIMIZATION_LEVEL = "-O";
				VALIDATE_PRODUCT = YES;
			};
			name = Release;
		};
		220DE24A28FBDA5700BE92F8 /* Debug */ = {
			isa = XCBuildConfiguration;
			buildSettings = {
				ASSETCATALOG_COMPILER_APPICON_NAME = AppIcon;
				ASSETCATALOG_COMPILER_GLOBAL_ACCENT_COLOR_NAME = AccentColor;
				CODE_SIGN_STYLE = Automatic;
				CURRENT_PROJECT_VERSION = 1;
				DEVELOPMENT_TEAM = JASCMY8XL7;
				GENERATE_INFOPLIST_FILE = YES;
				INFOPLIST_FILE = FirstDemo/Info.plist;
				INFOPLIST_KEY_UIApplicationSupportsIndirectInputEvents = YES;
				INFOPLIST_KEY_UILaunchStoryboardName = LaunchScreen;
				INFOPLIST_KEY_UIMainStoryboardFile = Main;
				INFOPLIST_KEY_UISupportedInterfaceOrientations_iPad = "UIInterfaceOrientationPortrait UIInterfaceOrientationPortraitUpsideDown UIInterfaceOrientationLandscapeLeft UIInterfaceOrientationLandscapeRight";
				INFOPLIST_KEY_UISupportedInterfaceOrientations_iPhone = "UIInterfaceOrientationPortrait UIInterfaceOrientationLandscapeLeft UIInterfaceOrientationLandscapeRight";
				LD_RUNPATH_SEARCH_PATHS = (
					"$(inherited)",
					"@executable_path/Frameworks",
				);
				MARKETING_VERSION = 1.0;
				PRODUCT_BUNDLE_IDENTIFIER = com.guell.FirstDemo;
				PRODUCT_NAME = "$(TARGET_NAME)";
				SWIFT_EMIT_LOC_STRINGS = YES;
				SWIFT_VERSION = 5.0;
				TARGETED_DEVICE_FAMILY = "1,2";
			};
			name = Debug;
		};
		220DE24B28FBDA5700BE92F8 /* Release */ = {
			isa = XCBuildConfiguration;
			buildSettings = {
				ASSETCATALOG_COMPILER_APPICON_NAME = AppIcon;
				ASSETCATALOG_COMPILER_GLOBAL_ACCENT_COLOR_NAME = AccentColor;
				CODE_SIGN_STYLE = Automatic;
				CURRENT_PROJECT_VERSION = 1;
				DEVELOPMENT_TEAM = JASCMY8XL7;
				GENERATE_INFOPLIST_FILE = YES;
				INFOPLIST_FILE = FirstDemo/Info.plist;
				INFOPLIST_KEY_UIApplicationSupportsIndirectInputEvents = YES;
				INFOPLIST_KEY_UILaunchStoryboardName = LaunchScreen;
				INFOPLIST_KEY_UIMainStoryboardFile = Main;
				INFOPLIST_KEY_UISupportedInterfaceOrientations_iPad = "UIInterfaceOrientationPortrait UIInterfaceOrientationPortraitUpsideDown UIInterfaceOrientationLandscapeLeft UIInterfaceOrientationLandscapeRight";
				INFOPLIST_KEY_UISupportedInterfaceOrientations_iPhone = "UIInterfaceOrientationPortrait UIInterfaceOrientationLandscapeLeft UIInterfaceOrientationLandscapeRight";
				LD_RUNPATH_SEARCH_PATHS = (
					"$(inherited)",
					"@executable_path/Frameworks",
				);
				MARKETING_VERSION = 1.0;
				PRODUCT_BUNDLE_IDENTIFIER = com.guell.FirstDemo;
				PRODUCT_NAME = "$(TARGET_NAME)";
				SWIFT_EMIT_LOC_STRINGS = YES;
				SWIFT_VERSION = 5.0;
				TARGETED_DEVICE_FAMILY = "1,2";
			};
			name = Release;
		};
		220DE24D28FBDA5700BE92F8 /* Debug */ = {
			isa = XCBuildConfiguration;
			buildSettings = {
				ALWAYS_EMBED_SWIFT_STANDARD_LIBRARIES = YES;
				BUNDLE_LOADER = "$(TEST_HOST)";
				CODE_SIGN_STYLE = Automatic;
				CURRENT_PROJECT_VERSION = 1;
				DEVELOPMENT_TEAM = JASCMY8XL7;
				GENERATE_INFOPLIST_FILE = YES;
				IPHONEOS_DEPLOYMENT_TARGET = 16.0;
				MARKETING_VERSION = 1.0;
				PRODUCT_BUNDLE_IDENTIFIER = com.guell.FirstDemoTests;
				PRODUCT_NAME = "$(TARGET_NAME)";
				SWIFT_EMIT_LOC_STRINGS = NO;
				SWIFT_VERSION = 5.0;
				TARGETED_DEVICE_FAMILY = "1,2";
				TEST_HOST = "$(BUILT_PRODUCTS_DIR)/FirstDemo.app/$(BUNDLE_EXECUTABLE_FOLDER_PATH)/FirstDemo";
			};
			name = Debug;
		};
		220DE24E28FBDA5700BE92F8 /* Release */ = {
			isa = XCBuildConfiguration;
			buildSettings = {
				ALWAYS_EMBED_SWIFT_STANDARD_LIBRARIES = YES;
				BUNDLE_LOADER = "$(TEST_HOST)";
				CODE_SIGN_STYLE = Automatic;
				CURRENT_PROJECT_VERSION = 1;
				DEVELOPMENT_TEAM = JASCMY8XL7;
				GENERATE_INFOPLIST_FILE = YES;
				IPHONEOS_DEPLOYMENT_TARGET = 16.0;
				MARKETING_VERSION = 1.0;
				PRODUCT_BUNDLE_IDENTIFIER = com.guell.FirstDemoTests;
				PRODUCT_NAME = "$(TARGET_NAME)";
				SWIFT_EMIT_LOC_STRINGS = NO;
				SWIFT_VERSION = 5.0;
				TARGETED_DEVICE_FAMILY = "1,2";
				TEST_HOST = "$(BUILT_PRODUCTS_DIR)/FirstDemo.app/$(BUNDLE_EXECUTABLE_FOLDER_PATH)/FirstDemo";
			};
			name = Release;
		};
		220DE25028FBDA5700BE92F8 /* Debug */ = {
			isa = XCBuildConfiguration;
			buildSettings = {
				ALWAYS_EMBED_SWIFT_STANDARD_LIBRARIES = YES;
				CODE_SIGN_STYLE = Automatic;
				CURRENT_PROJECT_VERSION = 1;
				DEVELOPMENT_TEAM = JASCMY8XL7;
				GENERATE_INFOPLIST_FILE = YES;
				MARKETING_VERSION = 1.0;
				PRODUCT_BUNDLE_IDENTIFIER = com.guell.FirstDemoUITests;
				PRODUCT_NAME = "$(TARGET_NAME)";
				SWIFT_EMIT_LOC_STRINGS = NO;
				SWIFT_VERSION = 5.0;
				TARGETED_DEVICE_FAMILY = "1,2";
				TEST_TARGET_NAME = FirstDemo;
			};
			name = Debug;
		};
		220DE25128FBDA5700BE92F8 /* Release */ = {
			isa = XCBuildConfiguration;
			buildSettings = {
				ALWAYS_EMBED_SWIFT_STANDARD_LIBRARIES = YES;
				CODE_SIGN_STYLE = Automatic;
				CURRENT_PROJECT_VERSION = 1;
				DEVELOPMENT_TEAM = JASCMY8XL7;
				GENERATE_INFOPLIST_FILE = YES;
				MARKETING_VERSION = 1.0;
				PRODUCT_BUNDLE_IDENTIFIER = com.guell.FirstDemoUITests;
				PRODUCT_NAME = "$(TARGET_NAME)";
				SWIFT_EMIT_LOC_STRINGS = NO;
				SWIFT_VERSION = 5.0;
				TARGETED_DEVICE_FAMILY = "1,2";
				TEST_TARGET_NAME = FirstDemo;
			};
			name = Release;
		};
/* End XCBuildConfiguration section */

/* Begin XCConfigurationList section */
		220DE21A28FBDA5500BE92F8 /* Build configuration list for PBXProject "FirstDemo" */ = {
			isa = XCConfigurationList;
			buildConfigurations = (
				220DE24728FBDA5700BE92F8 /* Debug */,
				220DE24828FBDA5700BE92F8 /* Release */,
			);
			defaultConfigurationIsVisible = 0;
			defaultConfigurationName = Release;
		};
		220DE24928FBDA5700BE92F8 /* Build configuration list for PBXNativeTarget "FirstDemo" */ = {
			isa = XCConfigurationList;
			buildConfigurations = (
				220DE24A28FBDA5700BE92F8 /* Debug */,
				220DE24B28FBDA5700BE92F8 /* Release */,
			);
			defaultConfigurationIsVisible = 0;
			defaultConfigurationName = Release;
		};
		220DE24C28FBDA5700BE92F8 /* Build configuration list for PBXNativeTarget "FirstDemoTests" */ = {
			isa = XCConfigurationList;
			buildConfigurations = (
				220DE24D28FBDA5700BE92F8 /* Debug */,
				220DE24E28FBDA5700BE92F8 /* Release */,
			);
			defaultConfigurationIsVisible = 0;
			defaultConfigurationName = Release;
		};
		220DE24F28FBDA5700BE92F8 /* Build configuration list for PBXNativeTarget "FirstDemoUITests" */ = {
			isa = XCConfigurationList;
			buildConfigurations = (
				220DE25028FBDA5700BE92F8 /* Debug */,
				220DE25128FBDA5700BE92F8 /* Release */,
			);
			defaultConfigurationIsVisible = 0;
			defaultConfigurationName = Release;
		};
/* End XCConfigurationList section */
	};
	rootObject = 220DE21728FBDA5500BE92F8 /* Project object */;
}
